
Microsoft Visual Studio Solution File, Format Version 12.00
# Visual Studio Version 17
VisualStudioVersion = 17.5.33502.453
MinimumVisualStudioVersion = 10.0.40219.1
Project("{FAE04EC0-301F-11D3-BF4B-00C04F79EFBC}") = "VKPCShop.WebApp", "VKPCShop.WebApp\VKPCShop.WebApp.csproj", "{E3081B8A-6AF0-4421-A453-251F260E3BDE}"
EndProject
Project("{FAE04EC0-301F-11D3-BF4B-00C04F79EFBC}") = "VKPCShop.Data", "VKPCShop.Data\VKPCShop.Data.csproj", "{0E3A1F56-BC5A-4F82-A408-D1D0CAC62807}"
EndProject
Project("{2150E333-8FDC-42A3-9474-1A3956D46DE8}") = "Solution Items", "Solution Items", "{FF7DAE25-2F41-48EF-BDEE-6CCFF88CAFD8}"
	ProjectSection(SolutionItems) = preProject
		README.txt = README.txt
	EndProjectSection
EndProject
Global
	GlobalSection(SolutionConfigurationPlatforms) = preSolution
		Debug|Any CPU = Debug|Any CPU
		Release|Any CPU = Release|Any CPU
	EndGlobalSection
	GlobalSection(ProjectConfigurationPlatforms) = postSolution
		{E3081B8A-6AF0-4421-A453-251F260E3BDE}.Debug|Any CPU.ActiveCfg = Debug|Any CPU
		{E3081B8A-6AF0-4421-A453-251F260E3BDE}.Debug|Any CPU.Build.0 = Debug|Any CPU
		{E3081B8A-6AF0-4421-A453-251F260E3BDE}.Release|Any CPU.ActiveCfg = Release|Any CPU
		{E3081B8A-6AF0-4421-A453-251F260E3BDE}.Release|Any CPU.Build.0 = Release|Any CPU
		{0E3A1F56-BC5A-4F82-A408-D1D0CAC62807}.Debug|Any CPU.ActiveCfg = Debug|Any CPU
		{0E3A1F56-BC5A-4F82-A408-D1D0CAC62807}.Debug|Any CPU.Build.0 = Debug|Any CPU
		{0E3A1F56-BC5A-4F82-A408-D1D0CAC62807}.Release|Any CPU.ActiveCfg = Release|Any CPU
		{0E3A1F56-BC5A-4F82-A408-D1D0CAC62807}.Release|Any CPU.Build.0 = Release|Any CPU
	EndGlobalSection
	GlobalSection(SolutionProperties) = preSolution
		HideSolutionNode = FALSE
	EndGlobalSection
	GlobalSection(ExtensibilityGlobals) = postSolution
		SolutionGuid = {F8A9D25A-4BF8-4603-82BE-53F8B1265A9C}
	EndGlobalSection
EndGlobal
